
Microsoft Visual Studio Solution File, Format Version 12.00
# Visual Studio Version 17
VisualStudioVersion = 17.11.35103.136
MinimumVisualStudioVersion = 10.0.40219.1
Project("{FAE04EC0-301F-11D3-BF4B-00C04F79EFBC}") = "webapicrud", "webapicrud\webapicrud.csproj", "{B788F2C9-3FAB-4235-A913-7463B567E974}"
EndProject
Global
	GlobalSection(SolutionConfigurationPlatforms) = preSolution
		Debug|Any CPU = Debug|Any CPU
		Release|Any CPU = Release|Any CPU
	EndGlobalSection
	GlobalSection(ProjectConfigurationPlatforms) = postSolution
		{B788F2C9-3FAB-4235-A913-7463B567E974}.Debug|Any CPU.ActiveCfg = Debug|Any CPU
		{B788F2C9-3FAB-4235-A913-7463B567E974}.Debug|Any CPU.Build.0 = Debug|Any CPU
		{B788F2C9-3FAB-4235-A913-7463B567E974}.Release|Any CPU.ActiveCfg = Release|Any CPU
		{B788F2C9-3FAB-4235-A913-7463B567E974}.Release|Any CPU.Build.0 = Release|Any CPU
	EndGlobalSection
	GlobalSection(SolutionProperties) = preSolution
		HideSolutionNode = FALSE
	EndGlobalSection
	GlobalSection(ExtensibilityGlobals) = postSolution
		SolutionGuid = {F4CBC7FB-D179-4ED6-A29E-D7100B0F499A}
	EndGlobalSection
EndGlobal
